// !$*UTF8*$!
{
	archiveVersion = 1;
	classes = {
	};
	objectVersion = 50;
	objects = {

/* Begin PBXBuildFile section */
		911F61C1212B6403009EB551 /* AppDelegate.swift in Sources */ = {isa = PBXBuildFile; fileRef = 911F61C0212B6403009EB551 /* AppDelegate.swift */; };
		911F61C3212B6403009EB551 /* ViewController.swift in Sources */ = {isa = PBXBuildFile; fileRef = 911F61C2212B6403009EB551 /* ViewController.swift */; };
		911F61C6212B6403009EB551 /* Main.storyboard in Resources */ = {isa = PBXBuildFile; fileRef = 911F61C4212B6403009EB551 /* Main.storyboard */; };
		911F61CB212B6405009EB551 /* Assets.xcassets in Resources */ = {isa = PBXBuildFile; fileRef = 911F61CA212B6405009EB551 /* Assets.xcassets */; };
		911F61CE212B6405009EB551 /* LaunchScreen.storyboard in Resources */ = {isa = PBXBuildFile; fileRef = 911F61CC212B6405009EB551 /* LaunchScreen.storyboard */; };
		911F61D8212B6999009EB551 /* CampanhaCelula.swift in Sources */ = {isa = PBXBuildFile; fileRef = 911F61D7212B6999009EB551 /* CampanhaCelula.swift */; };
		911F61DC212B6B32009EB551 /* hipositionDataModel.xcdatamodeld in Sources */ = {isa = PBXBuildFile; fileRef = 911F61DA212B6B32009EB551 /* hipositionDataModel.xcdatamodeld */; };
		911F61DF212B6BD1009EB551 /* CampanhaTableViewController.swift in Sources */ = {isa = PBXBuildFile; fileRef = 911F61DE212B6BD1009EB551 /* CampanhaTableViewController.swift */; };
		911F61E3212C30F8009EB551 /* FindBeacon.swift in Sources */ = {isa = PBXBuildFile; fileRef = 911F61E2212C30F8009EB551 /* FindBeacon.swift */; };
		911F61E6212C595D009EB551 /* HipositionApi.swift in Sources */ = {isa = PBXBuildFile; fileRef = 911F61E5212C595D009EB551 /* HipositionApi.swift */; };
		914F9142212DA5C000810C27 /* ResponseCollectionSerializable.swift in Sources */ = {isa = PBXBuildFile; fileRef = 914F9141212DA5C000810C27 /* ResponseCollectionSerializable.swift */; };
		914F9144212DB58400810C27 /* BeaconManager.swift in Sources */ = {isa = PBXBuildFile; fileRef = 914F9143212DB58400810C27 /* BeaconManager.swift */; };
		91ED4BD121304CC3007A9D52 /* SerializableJson.swift in Sources */ = {isa = PBXBuildFile; fileRef = 91ED4BD021304CC3007A9D52 /* SerializableJson.swift */; };
		9874EB324ABE92E3CC816F21 /* Pods_hiposition_swift.framework in Frameworks */ = {isa = PBXBuildFile; fileRef = A9852319C62A7E9C61BAA912 /* Pods_hiposition_swift.framework */; };
/* End PBXBuildFile section */

/* Begin PBXFileReference section */
		01A5EF23E253664CCEA82BA7 /* Pods-hiposition_swift.release.xcconfig */ = {isa = PBXFileReference; includeInIndex = 1; lastKnownFileType = text.xcconfig; name = "Pods-hiposition_swift.release.xcconfig"; path = "Pods/Target Support Files/Pods-hiposition_swift/Pods-hiposition_swift.release.xcconfig"; sourceTree = "<group>"; };
		911F61BD212B6403009EB551 /* hiposition_swift.app */ = {isa = PBXFileReference; explicitFileType = wrapper.application; includeInIndex = 0; path = hiposition_swift.app; sourceTree = BUILT_PRODUCTS_DIR; };
		911F61C0212B6403009EB551 /* AppDelegate.swift */ = {isa = PBXFileReference; lastKnownFileType = sourcecode.swift; path = AppDelegate.swift; sourceTree = "<group>"; };
		911F61C2212B6403009EB551 /* ViewController.swift */ = {isa = PBXFileReference; lastKnownFileType = sourcecode.swift; path = ViewController.swift; sourceTree = "<group>"; };
		911F61C5212B6403009EB551 /* Base */ = {isa = PBXFileReference; lastKnownFileType = file.storyboard; name = Base; path = Base.lproj/Main.storyboard; sourceTree = "<group>"; };
		911F61CA212B6405009EB551 /* Assets.xcassets */ = {isa = PBXFileReference; lastKnownFileType = folder.assetcatalog; path = Assets.xcassets; sourceTree = "<group>"; };
		911F61CD212B6405009EB551 /* Base */ = {isa = PBXFileReference; lastKnownFileType = file.storyboard; name = Base; path = Base.lproj/LaunchScreen.storyboard; sourceTree = "<group>"; };
		911F61CF212B6405009EB551 /* Info.plist */ = {isa = PBXFileReference; lastKnownFileType = text.plist.xml; path = Info.plist; sourceTree = "<group>"; };
		911F61D7212B6999009EB551 /* CampanhaCelula.swift */ = {isa = PBXFileReference; fileEncoding = 4; lastKnownFileType = sourcecode.swift; path = CampanhaCelula.swift; sourceTree = "<group>"; };
		911F61DB212B6B32009EB551 /* hipositionDataModel.xcdatamodel */ = {isa = PBXFileReference; lastKnownFileType = wrapper.xcdatamodel; path = hipositionDataModel.xcdatamodel; sourceTree = "<group>"; };
		911F61DE212B6BD1009EB551 /* CampanhaTableViewController.swift */ = {isa = PBXFileReference; fileEncoding = 4; lastKnownFileType = sourcecode.swift; path = CampanhaTableViewController.swift; sourceTree = "<group>"; };
		911F61E2212C30F8009EB551 /* FindBeacon.swift */ = {isa = PBXFileReference; lastKnownFileType = sourcecode.swift; path = FindBeacon.swift; sourceTree = "<group>"; };
		911F61E5212C595D009EB551 /* HipositionApi.swift */ = {isa = PBXFileReference; lastKnownFileType = sourcecode.swift; path = HipositionApi.swift; sourceTree = "<group>"; };
		914F9141212DA5C000810C27 /* ResponseCollectionSerializable.swift */ = {isa = PBXFileReference; lastKnownFileType = sourcecode.swift; path = ResponseCollectionSerializable.swift; sourceTree = "<group>"; };
		914F9143212DB58400810C27 /* BeaconManager.swift */ = {isa = PBXFileReference; lastKnownFileType = sourcecode.swift; path = BeaconManager.swift; sourceTree = "<group>"; };
		91ED4BD021304CC3007A9D52 /* SerializableJson.swift */ = {isa = PBXFileReference; lastKnownFileType = sourcecode.swift; path = SerializableJson.swift; sourceTree = "<group>"; };
		A9852319C62A7E9C61BAA912 /* Pods_hiposition_swift.framework */ = {isa = PBXFileReference; explicitFileType = wrapper.framework; includeInIndex = 0; path = Pods_hiposition_swift.framework; sourceTree = BUILT_PRODUCTS_DIR; };
		BF2553809C04EF5B3702903D /* Pods-hiposition_swift.debug.xcconfig */ = {isa = PBXFileReference; includeInIndex = 1; lastKnownFileType = text.xcconfig; name = "Pods-hiposition_swift.debug.xcconfig"; path = "Pods/Target Support Files/Pods-hiposition_swift/Pods-hiposition_swift.debug.xcconfig"; sourceTree = "<group>"; };
/* End PBXFileReference section */

/* Begin PBXFrameworksBuildPhase section */
		911F61BA212B6403009EB551 /* Frameworks */ = {
			isa = PBXFrameworksBuildPhase;
			buildActionMask = 2147483647;
			files = (
				9874EB324ABE92E3CC816F21 /* Pods_hiposition_swift.framework in Frameworks */,
			);
			runOnlyForDeploymentPostprocessing = 0;
		};
/* End PBXFrameworksBuildPhase section */

/* Begin PBXGroup section */
		1E82CA151A6386787138D2B8 /* Frameworks */ = {
			isa = PBXGroup;
			children = (
				A9852319C62A7E9C61BAA912 /* Pods_hiposition_swift.framework */,
			);
			name = Frameworks;
			sourceTree = "<group>";
		};
		4C223084467ED456E0DDDBBD /* Pods */ = {
			isa = PBXGroup;
			children = (
				BF2553809C04EF5B3702903D /* Pods-hiposition_swift.debug.xcconfig */,
				01A5EF23E253664CCEA82BA7 /* Pods-hiposition_swift.release.xcconfig */,
			);
			name = Pods;
			sourceTree = "<group>";
		};
		911F61B4212B6403009EB551 = {
			isa = PBXGroup;
			children = (
				914F9140212DA59700810C27 /* Util */,
				911F61E4212C590F009EB551 /* Services */,
				911F61DD212B6BAB009EB551 /* ViewControllers */,
				911F61D9212B6ADC009EB551 /* Model */,
				911F61BF212B6403009EB551 /* hiposition_swift */,
				911F61BE212B6403009EB551 /* Products */,
				4C223084467ED456E0DDDBBD /* Pods */,
				1E82CA151A6386787138D2B8 /* Frameworks */,
			);
			sourceTree = "<group>";
		};
		911F61BE212B6403009EB551 /* Products */ = {
			isa = PBXGroup;
			children = (
				911F61BD212B6403009EB551 /* hiposition_swift.app */,
			);
			name = Products;
			sourceTree = "<group>";
		};
		911F61BF212B6403009EB551 /* hiposition_swift */ = {
			isa = PBXGroup;
			children = (
				911F61C0212B6403009EB551 /* AppDelegate.swift */,
				911F61C4212B6403009EB551 /* Main.storyboard */,
				911F61D7212B6999009EB551 /* CampanhaCelula.swift */,
				911F61CA212B6405009EB551 /* Assets.xcassets */,
				911F61CC212B6405009EB551 /* LaunchScreen.storyboard */,
				911F61CF212B6405009EB551 /* Info.plist */,
			);
			path = hiposition_swift;
			sourceTree = "<group>";
		};
		911F61D9212B6ADC009EB551 /* Model */ = {
			isa = PBXGroup;
			children = (
				911F61DA212B6B32009EB551 /* hipositionDataModel.xcdatamodeld */,
				914F9143212DB58400810C27 /* BeaconManager.swift */,
			);
			path = Model;
			sourceTree = "<group>";
		};
		911F61DD212B6BAB009EB551 /* ViewControllers */ = {
			isa = PBXGroup;
			children = (
				911F61C2212B6403009EB551 /* ViewController.swift */,
				911F61DE212B6BD1009EB551 /* CampanhaTableViewController.swift */,
				911F61E2212C30F8009EB551 /* FindBeacon.swift */,
			);
			path = ViewControllers;
			sourceTree = "<group>";
		};
		911F61E4212C590F009EB551 /* Services */ = {
			isa = PBXGroup;
			children = (
				911F61E5212C595D009EB551 /* HipositionApi.swift */,
			);
			path = Services;
			sourceTree = "<group>";
		};
		914F9140212DA59700810C27 /* Util */ = {
			isa = PBXGroup;
			children = (
				914F9141212DA5C000810C27 /* ResponseCollectionSerializable.swift */,
				91ED4BD021304CC3007A9D52 /* SerializableJson.swift */,
			);
			path = Util;
			sourceTree = "<group>";
		};
/* End PBXGroup section */

/* Begin PBXNativeTarget section */
		911F61BC212B6403009EB551 /* hiposition_swift */ = {
			isa = PBXNativeTarget;
			buildConfigurationList = 911F61D2212B6405009EB551 /* Build configuration list for PBXNativeTarget "hiposition_swift" */;
			buildPhases = (
				6D7E856EB80F4AAB00047C9B /* [CP] Check Pods Manifest.lock */,
				911F61B9212B6403009EB551 /* Sources */,
				911F61BA212B6403009EB551 /* Frameworks */,
				911F61BB212B6403009EB551 /* Resources */,
				47DBA685C78B1B1559166688 /* [CP] Embed Pods Frameworks */,
			);
			buildRules = (
			);
			dependencies = (
			);
			name = hiposition_swift;
			productName = hiposition_swift;
			productReference = 911F61BD212B6403009EB551 /* hiposition_swift.app */;
			productType = "com.apple.product-type.application";
		};
/* End PBXNativeTarget section */

/* Begin PBXProject section */
		911F61B5212B6403009EB551 /* Project object */ = {
			isa = PBXProject;
			attributes = {
				LastSwiftUpdateCheck = 0940;
				LastUpgradeCheck = 0940;
				ORGANIZATIONNAME = Hiposition;
				TargetAttributes = {
					911F61BC212B6403009EB551 = {
						CreatedOnToolsVersion = 9.4.1;
					};
				};
			};
			buildConfigurationList = 911F61B8212B6403009EB551 /* Build configuration list for PBXProject "hiposition_swift" */;
			compatibilityVersion = "Xcode 9.3";
			developmentRegion = en;
			hasScannedForEncodings = 0;
			knownRegions = (
				en,
				Base,
			);
			mainGroup = 911F61B4212B6403009EB551;
			productRefGroup = 911F61BE212B6403009EB551 /* Products */;
			projectDirPath = "";
			projectRoot = "";
			targets = (
				911F61BC212B6403009EB551 /* hiposition_swift */,
			);
		};
/* End PBXProject section */

/* Begin PBXResourcesBuildPhase section */
		911F61BB212B6403009EB551 /* Resources */ = {
			isa = PBXResourcesBuildPhase;
			buildActionMask = 2147483647;
			files = (
				911F61CE212B6405009EB551 /* LaunchScreen.storyboard in Resources */,
				911F61CB212B6405009EB551 /* Assets.xcassets in Resources */,
				911F61C6212B6403009EB551 /* Main.storyboard in Resources */,
			);
			runOnlyForDeploymentPostprocessing = 0;
		};
/* End PBXResourcesBuildPhase section */

/* Begin PBXShellScriptBuildPhase section */
		47DBA685C78B1B1559166688 /* [CP] Embed Pods Frameworks */ = {
			isa = PBXShellScriptBuildPhase;
			buildActionMask = 2147483647;
			files = (
			);
			inputPaths = (
				"${SRCROOT}/Pods/Target Support Files/Pods-hiposition_swift/Pods-hiposition_swift-frameworks.sh",
				"${BUILT_PRODUCTS_DIR}/Alamofire/Alamofire.framework",
				"${BUILT_PRODUCTS_DIR}/Alamofire-SwiftyJSON/Alamofire_SwiftyJSON.framework",
				"${BUILT_PRODUCTS_DIR}/SwiftyJSON/SwiftyJSON.framework",
			);
			name = "[CP] Embed Pods Frameworks";
			outputPaths = (
				"${TARGET_BUILD_DIR}/${FRAMEWORKS_FOLDER_PATH}/Alamofire.framework",
				"${TARGET_BUILD_DIR}/${FRAMEWORKS_FOLDER_PATH}/Alamofire_SwiftyJSON.framework",
				"${TARGET_BUILD_DIR}/${FRAMEWORKS_FOLDER_PATH}/SwiftyJSON.framework",
			);
			runOnlyForDeploymentPostprocessing = 0;
			shellPath = /bin/sh;
			shellScript = "\"${SRCROOT}/Pods/Target Support Files/Pods-hiposition_swift/Pods-hiposition_swift-frameworks.sh\"\n";
			showEnvVarsInLog = 0;
		};
		6D7E856EB80F4AAB00047C9B /* [CP] Check Pods Manifest.lock */ = {
			isa = PBXShellScriptBuildPhase;
			buildActionMask = 2147483647;
			files = (
			);
			inputPaths = (
				"${PODS_PODFILE_DIR_PATH}/Podfile.lock",
				"${PODS_ROOT}/Manifest.lock",
			);
			name = "[CP] Check Pods Manifest.lock";
			outputPaths = (
				"$(DERIVED_FILE_DIR)/Pods-hiposition_swift-checkManifestLockResult.txt",
			);
			runOnlyForDeploymentPostprocessing = 0;
			shellPath = /bin/sh;
			shellScript = "diff \"${PODS_PODFILE_DIR_PATH}/Podfile.lock\" \"${PODS_ROOT}/Manifest.lock\" > /dev/null\nif [ $? != 0 ] ; then\n    # print error to STDERR\n    echo \"error: The sandbox is not in sync with the Podfile.lock. Run 'pod install' or update your CocoaPods installation.\" >&2\n    exit 1\nfi\n# This output is used by Xcode 'outputs' to avoid re-running this script phase.\necho \"SUCCESS\" > \"${SCRIPT_OUTPUT_FILE_0}\"\n";
			showEnvVarsInLog = 0;
		};
/* End PBXShellScriptBuildPhase section */

/* Begin PBXSourcesBuildPhase section */
		911F61B9212B6403009EB551 /* Sources */ = {
			isa = PBXSourcesBuildPhase;
			buildActionMask = 2147483647;
			files = (
				914F9142212DA5C000810C27 /* ResponseCollectionSerializable.swift in Sources */,
				911F61DF212B6BD1009EB551 /* CampanhaTableViewController.swift in Sources */,
				914F9144212DB58400810C27 /* BeaconManager.swift in Sources */,
				911F61C3212B6403009EB551 /* ViewController.swift in Sources */,
				911F61DC212B6B32009EB551 /* hipositionDataModel.xcdatamodeld in Sources */,
				911F61D8212B6999009EB551 /* CampanhaCelula.swift in Sources */,
				91ED4BD121304CC3007A9D52 /* SerializableJson.swift in Sources */,
				911F61C1212B6403009EB551 /* AppDelegate.swift in Sources */,
				911F61E6212C595D009EB551 /* HipositionApi.swift in Sources */,
				911F61E3212C30F8009EB551 /* FindBeacon.swift in Sources */,
			);
			runOnlyForDeploymentPostprocessing = 0;
		};
/* End PBXSourcesBuildPhase section */

/* Begin PBXVariantGroup section */
		911F61C4212B6403009EB551 /* Main.storyboard */ = {
			isa = PBXVariantGroup;
			children = (
				911F61C5212B6403009EB551 /* Base */,
			);
			name = Main.storyboard;
			sourceTree = "<group>";
		};
		911F61CC212B6405009EB551 /* LaunchScreen.storyboard */ = {
			isa = PBXVariantGroup;
			children = (
				911F61CD212B6405009EB551 /* Base */,
			);
			name = LaunchScreen.storyboard;
			sourceTree = "<group>";
		};
/* End PBXVariantGroup section */

/* Begin XCBuildConfiguration section */
		911F61D0212B6405009EB551 /* Debug */ = {
			isa = XCBuildConfiguration;
			buildSettings = {
				ALWAYS_SEARCH_USER_PATHS = NO;
				CLANG_ANALYZER_NONNULL = YES;
				CLANG_ANALYZER_NUMBER_OBJECT_CONVERSION = YES_AGGRESSIVE;
				CLANG_CXX_LANGUAGE_STANDARD = "gnu++14";
				CLANG_CXX_LIBRARY = "libc++";
				CLANG_ENABLE_MODULES = YES;
				CLANG_ENABLE_OBJC_ARC = YES;
				CLANG_ENABLE_OBJC_WEAK = YES;
				CLANG_WARN_BLOCK_CAPTURE_AUTORELEASING = YES;
				CLANG_WARN_BOOL_CONVERSION = YES;
				CLANG_WARN_COMMA = YES;
				CLANG_WARN_CONSTANT_CONVERSION = YES;
				CLANG_WARN_DEPRECATED_OBJC_IMPLEMENTATIONS = YES;
				CLANG_WARN_DIRECT_OBJC_ISA_USAGE = YES_ERROR;
				CLANG_WARN_DOCUMENTATION_COMMENTS = YES;
				CLANG_WARN_EMPTY_BODY = YES;
				CLANG_WARN_ENUM_CONVERSION = YES;
				CLANG_WARN_INFINITE_RECURSION = YES;
				CLANG_WARN_INT_CONVERSION = YES;
				CLANG_WARN_NON_LITERAL_NULL_CONVERSION = YES;
				CLANG_WARN_OBJC_IMPLICIT_RETAIN_SELF = YES;
				CLANG_WARN_OBJC_LITERAL_CONVERSION = YES;
				CLANG_WARN_OBJC_ROOT_CLASS = YES_ERROR;
				CLANG_WARN_RANGE_LOOP_ANALYSIS = YES;
				CLANG_WARN_STRICT_PROTOTYPES = YES;
				CLANG_WARN_SUSPICIOUS_MOVE = YES;
				CLANG_WARN_UNGUARDED_AVAILABILITY = YES_AGGRESSIVE;
				CLANG_WARN_UNREACHABLE_CODE = YES;
				CLANG_WARN__DUPLICATE_METHOD_MATCH = YES;
				CODE_SIGN_IDENTITY = "iPhone Developer";
				COPY_PHASE_STRIP = NO;
				DEBUG_INFORMATION_FORMAT = dwarf;
				ENABLE_STRICT_OBJC_MSGSEND = YES;
				ENABLE_TESTABILITY = YES;
				GCC_C_LANGUAGE_STANDARD = gnu11;
				GCC_DYNAMIC_NO_PIC = NO;
				GCC_NO_COMMON_BLOCKS = YES;
				GCC_OPTIMIZATION_LEVEL = 0;
				GCC_PREPROCESSOR_DEFINITIONS = (
					"DEBUG=1",
					"$(inherited)",
				);
				GCC_WARN_64_TO_32_BIT_CONVERSION = YES;
				GCC_WARN_ABOUT_RETURN_TYPE = YES_ERROR;
				GCC_WARN_UNDECLARED_SELECTOR = YES;
				GCC_WARN_UNINITIALIZED_AUTOS = YES_AGGRESSIVE;
				GCC_WARN_UNUSED_FUNCTION = YES;
				GCC_WARN_UNUSED_VARIABLE = YES;
				IPHONEOS_DEPLOYMENT_TARGET = 11.4;
				MTL_ENABLE_DEBUG_INFO = YES;
				ONLY_ACTIVE_ARCH = YES;
				SDKROOT = iphoneos;
				SWIFT_ACTIVE_COMPILATION_CONDITIONS = DEBUG;
				SWIFT_OPTIMIZATION_LEVEL = "-Onone";
			};
			name = Debug;
		};
		911F61D1212B6405009EB551 /* Release */ = {
			isa = XCBuildConfiguration;
			buildSettings = {
				ALWAYS_SEARCH_USER_PATHS = NO;
				CLANG_ANALYZER_NONNULL = YES;
				CLANG_ANALYZER_NUMBER_OBJECT_CONVERSION = YES_AGGRESSIVE;
				CLANG_CXX_LANGUAGE_STANDARD = "gnu++14";
				CLANG_CXX_LIBRARY = "libc++";
				CLANG_ENABLE_MODULES = YES;
				CLANG_ENABLE_OBJC_ARC = YES;
				CLANG_ENABLE_OBJC_WEAK = YES;
				CLANG_WARN_BLOCK_CAPTURE_AUTORELEASING = YES;
				CLANG_WARN_BOOL_CONVERSION = YES;
				CLANG_WARN_COMMA = YES;
				CLANG_WARN_CONSTANT_CONVERSION = YES;
				CLANG_WARN_DEPRECATED_OBJC_IMPLEMENTATIONS = YES;
				CLANG_WARN_DIRECT_OBJC_ISA_USAGE = YES_ERROR;
				CLANG_WARN_DOCUMENTATION_COMMENTS = YES;
				CLANG_WARN_EMPTY_BODY = YES;
				CLANG_WARN_ENUM_CONVERSION = YES;
				CLANG_WARN_INFINITE_RECURSION = YES;
				CLANG_WARN_INT_CONVERSION = YES;
				CLANG_WARN_NON_LITERAL_NULL_CONVERSION = YES;
				CLANG_WARN_OBJC_IMPLICIT_RETAIN_SELF = YES;
				CLANG_WARN_OBJC_LITERAL_CONVERSION = YES;
				CLANG_WARN_OBJC_ROOT_CLASS = YES_ERROR;
				CLANG_WARN_RANGE_LOOP_ANALYSIS = YES;
				CLANG_WARN_STRICT_PROTOTYPES = YES;
				CLANG_WARN_SUSPICIOUS_MOVE = YES;
				CLANG_WARN_UNGUARDED_AVAILABILITY = YES_AGGRESSIVE;
				CLANG_WARN_UNREACHABLE_CODE = YES;
				CLANG_WARN__DUPLICATE_METHOD_MATCH = YES;
				CODE_SIGN_IDENTITY = "iPhone Developer";
				COPY_PHASE_STRIP = NO;
				DEBUG_INFORMATION_FORMAT = "dwarf-with-dsym";
				ENABLE_NS_ASSERTIONS = NO;
				ENABLE_STRICT_OBJC_MSGSEND = YES;
				GCC_C_LANGUAGE_STANDARD = gnu11;
				GCC_NO_COMMON_BLOCKS = YES;
				GCC_WARN_64_TO_32_BIT_CONVERSION = YES;
				GCC_WARN_ABOUT_RETURN_TYPE = YES_ERROR;
				GCC_WARN_UNDECLARED_SELECTOR = YES;
				GCC_WARN_UNINITIALIZED_AUTOS = YES_AGGRESSIVE;
				GCC_WARN_UNUSED_FUNCTION = YES;
				GCC_WARN_UNUSED_VARIABLE = YES;
				IPHONEOS_DEPLOYMENT_TARGET = 11.4;
				MTL_ENABLE_DEBUG_INFO = NO;
				SDKROOT = iphoneos;
				SWIFT_COMPILATION_MODE = wholemodule;
				SWIFT_OPTIMIZATION_LEVEL = "-O";
				VALIDATE_PRODUCT = YES;
			};
			name = Release;
		};
		911F61D3212B6405009EB551 /* Debug */ = {
			isa = XCBuildConfiguration;
			baseConfigurationReference = BF2553809C04EF5B3702903D /* Pods-hiposition_swift.debug.xcconfig */;
			buildSettings = {
				ASSETCATALOG_COMPILER_APPICON_NAME = AppIcon;
				CODE_SIGN_STYLE = Automatic;
				DEVELOPMENT_TEAM = 27TZFPM78K;
				INFOPLIST_FILE = hiposition_swift/Info.plist;
				LD_RUNPATH_SEARCH_PATHS = (
					"$(inherited)",
					"@executable_path/Frameworks",
				);
				PRODUCT_BUNDLE_IDENTIFIER = "com.app.hiposition-swift";
				PRODUCT_NAME = "$(TARGET_NAME)";
				SWIFT_VERSION = 4.0;
				TARGETED_DEVICE_FAMILY = "1,2";
			};
			name = Debug;
		};
		911F61D4212B6405009EB551 /* Release */ = {
			isa = XCBuildConfiguration;
			baseConfigurationReference = 01A5EF23E253664CCEA82BA7 /* Pods-hiposition_swift.release.xcconfig */;
			buildSettings = {
				ASSETCATALOG_COMPILER_APPICON_NAME = AppIcon;
				CODE_SIGN_STYLE = Automatic;
				DEVELOPMENT_TEAM = 27TZFPM78K;
				INFOPLIST_FILE = hiposition_swift/Info.plist;
				LD_RUNPATH_SEARCH_PATHS = (
					"$(inherited)",
					"@executable_path/Frameworks",
				);
				PRODUCT_BUNDLE_IDENTIFIER = "com.app.hiposition-swift";
				PRODUCT_NAME = "$(TARGET_NAME)";
				SWIFT_VERSION = 4.0;
				TARGETED_DEVICE_FAMILY = "1,2";
			};
			name = Release;
		};
/* End XCBuildConfiguration section */

/* Begin XCConfigurationList section */
		911F61B8212B6403009EB551 /* Build configuration list for PBXProject "hiposition_swift" */ = {
			isa = XCConfigurationList;
			buildConfigurations = (
				911F61D0212B6405009EB551 /* Debug */,
				911F61D1212B6405009EB551 /* Release */,
			);
			defaultConfigurationIsVisible = 0;
			defaultConfigurationName = Release;
		};
		911F61D2212B6405009EB551 /* Build configuration list for PBXNativeTarget "hiposition_swift" */ = {
			isa = XCConfigurationList;
			buildConfigurations = (
				911F61D3212B6405009EB551 /* Debug */,
				911F61D4212B6405009EB551 /* Release */,
			);
			defaultConfigurationIsVisible = 0;
			defaultConfigurationName = Release;
		};
/* End XCConfigurationList section */

/* Begin XCVersionGroup section */
		911F61DA212B6B32009EB551 /* hipositionDataModel.xcdatamodeld */ = {
			isa = XCVersionGroup;
			children = (
				911F61DB212B6B32009EB551 /* hipositionDataModel.xcdatamodel */,
			);
			currentVersion = 911F61DB212B6B32009EB551 /* hipositionDataModel.xcdatamodel */;
			path = hipositionDataModel.xcdatamodeld;
			sourceTree = "<group>";
			versionGroupType = wrapper.xcdatamodel;
		};
/* End XCVersionGroup section */
	};
	rootObject = 911F61B5212B6403009EB551 /* Project object */;
}
